
Microsoft Visual Studio Solution File, Format Version 12.00
# Visual Studio 15
VisualStudioVersion = 15.0.26730.3
MinimumVisualStudioVersion = 10.0.40219.1
Project("{8BC9CEB8-8B4A-11D0-8D11-00A0C91BC942}") = "Spitfire", "Spitfire\Spitfire.vcxproj", "{43E9BAE0-1F40-4058-8870-A6135C2AACA0}"
EndProject
Global
	GlobalSection(SolutionConfigurationPlatforms) = preSolution
		Debug|x64 = Debug|x64
		Debug|x86 = Debug|x86
		Release|x64 = Release|x64
		Release|x86 = Release|x86
	EndGlobalSection
	GlobalSection(ProjectConfigurationPlatforms) = postSolution
		{43E9BAE0-1F40-4058-8870-A6135C2AACA0}.Debug|x64.ActiveCfg = Debug|x64
		{43E9BAE0-1F40-4058-8870-A6135C2AACA0}.Debug|x64.Build.0 = Debug|x64
		{43E9BAE0-1F40-4058-8870-A6135C2AACA0}.Debug|x86.ActiveCfg = Debug|Win32
		{43E9BAE0-1F40-4058-8870-A6135C2AACA0}.Debug|x86.Build.0 = Debug|Win32
		{43E9BAE0-1F40-4058-8870-A6135C2AACA0}.Release|x64.ActiveCfg = Release|x64
		{43E9BAE0-1F40-4058-8870-A6135C2AACA0}.Release|x64.Build.0 = Release|x64
		{43E9BAE0-1F40-4058-8870-A6135C2AACA0}.Release|x86.ActiveCfg = Release|Win32
		{43E9BAE0-1F40-4058-8870-A6135C2AACA0}.Release|x86.Build.0 = Release|Win32
	EndGlobalSection
	GlobalSection(SolutionProperties) = preSolution
		HideSolutionNode = FALSE
	EndGlobalSection
	GlobalSection(ExtensibilityGlobals) = postSolution
		SolutionGuid = {71D86D0E-CF3F-4DAF-A832-9CFC05A17937}
	EndGlobalSection
EndGlobal
